<?xml version="1.0" encoding="utf-8"?>
<Project ToolsVersion="4.0" xmlns="http://schemas.microsoft.com/developer/msbuild/2003">
  <ItemGroup>
    <Filter Include="Source Files">
      <UniqueIdentifier>{4FC737F1-C7A5-4376-A066-2A32D752A2FF}</UniqueIdentifier>
      <Extensions>cpp;c;cc;cxx;def;odl;idl;hpj;bat;asm;asmx</Extensions>
    </Filter>
    <Filter Include="Header Files">
      <UniqueIdentifier>{93995380-89BD-4b04-88EB-625FBE52EBFB}</UniqueIdentifier>
      <Extensions>h;hh;hpp;hxx;hm;inl;inc;xsd</Extensions>
    </Filter>
    <Filter Include="Resource Files">
      <UniqueIdentifier>{67DA6AB6-F800-4c08-8B7A-83BB121AAD01}</UniqueIdentifier>
      <Extensions>rc;ico;cur;bmp;dlg;rc2;rct;bin;rgs;gif;jpg;jpeg;jpe;resx;tiff;tif;png;wav;mfcribbon-ms</Extensions>
    </Filter>
    <Filter Include="Misc">
      <UniqueIdentifier>{090ad376-d6ad-48b2-91df-d6f199901039}</UniqueIdentifier>
    </Filter>
    <Filter Include="Misc\Old Code snippets">
      <UniqueIdentifier>{0c232fe2-aa2d-4ebe-a8d5-e01cceacb4b3}</UniqueIdentifier>
    </Filter>
    <Filter Include="Source Files\Old Rendering Code">
      <UniqueIdentifier>{64ee8528-af27-459b-9e7a-8e70f3d8cf03}</UniqueIdentifier>
    </Filter>
    <Filter Include="Third Party">
      <UniqueIdentifier>{13466201-ee2d-4b50-9e02-b9492e6c2f73}</UniqueIdentifier>
    </Filter>
  </ItemGroup>
  <ItemGroup>
    <ClCompile Include="Source.cpp">
      <Filter>Source Files</Filter>
    </ClCompile>
    <ClCompile Include="utils.cpp">
      <Filter>Source Files</Filter>
    </ClCompile>
    <ClCompile Include="Application.cpp">
      <Filter>Source Files</Filter>
    </ClCompile>
    <ClCompile Include="mathlib.cpp">
      <Filter>Source Files</Filter>
    </ClCompile>
    <ClCompile Include="threading.cpp">
      <Filter>Source Files</Filter>
    </ClCompile>
    <ClCompile Include="demofox_path_tracing.cpp">
      <Filter>Source Files\Old Rendering Code</Filter>
    </ClCompile>
    <ClCompile Include="demofox_path_tracing_scalar.cpp">
      <Filter>Source Files\Old Rendering Code</Filter>
    </ClCompile>
    <ClCompile Include="demofox_path_tracing_scalar_branchless.cpp">
      <Filter>Source Files\Old Rendering Code</Filter>
    </ClCompile>
    <ClCompile Include="demofox_path_tracing_simd.cpp">
      <Filter>Source Files\Old Rendering Code</Filter>
    </ClCompile>
    <ClCompile Include="demofox_path_tracing_simd_tiled.cpp">
      <Filter>Source Files\Old Rendering Code</Filter>
    </ClCompile>
    <ClCompile Include="demofox_path_tracing_simt.cpp">
      <Filter>Source Files\Old Rendering Code</Filter>
    </ClCompile>
    <ClCompile Include="rendering.cpp">
      <Filter>Source Files\Old Rendering Code</Filter>
    </ClCompile>
    <ClCompile Include="asset_loading.cpp">
      <Filter>Source Files</Filter>
    </ClCompile>
    <ClCompile Include="work_queue.cpp">
      <Filter>Source Files</Filter>
    </ClCompile>
    <ClCompile Include="texture.cpp">
      <Filter>Source Files</Filter>
    </ClCompile>
    <ClCompile Include="demofox_path_tracing_simt_pooled.cpp">
      <Filter>Source Files\Old Rendering Code</Filter>
    </ClCompile>
    <ClCompile Include="demofox_path_tracing_simt_textured.cpp">
      <Filter>Source Files\Old Rendering Code</Filter>
    </ClCompile>
    <ClCompile Include="demofox_path_tracing_v3.cpp">
      <Filter>Source Files</Filter>
    </ClCompile>
    <ClCompile Include="demofox_path_tracing_v2.cpp">
      <Filter>Source Files\Old Rendering Code</Filter>
    </ClCompile>
  </ItemGroup>
  <ItemGroup>
    <ClInclude Include="utils.h">
      <Filter>Header Files</Filter>
    </ClInclude>
    <ClInclude Include="Application.h">
      <Filter>Header Files</Filter>
    </ClInclude>
    <ClInclude Include="mathlib.h">
      <Filter>Header Files</Filter>
    </ClInclude>
    <ClInclude Include="rendering.h">
      <Filter>Header Files</Filter>
    </ClInclude>
    <ClInclude Include="demofox_path_tracing.h">
      <Filter>Header Files</Filter>
    </ClInclude>
    <ClInclude Include="demofox_path_tracing_scalar.h">
      <Filter>Header Files</Filter>
    </ClInclude>
    <ClInclude Include="demofox_path_tracing_scalar_branchless.h">
      <Filter>Header Files</Filter>
    </ClInclude>
    <ClInclude Include="demofox_path_tracing_simd.h">
      <Filter>Header Files</Filter>
    </ClInclude>
    <ClInclude Include="demofox_path_tracing_simd_tiled.h">
      <Filter>Header Files</Filter>
    </ClInclude>
    <ClInclude Include="demofox_path_tracing_simt.h">
      <Filter>Header Files</Filter>
    </ClInclude>
    <ClInclude Include="demofox_path_tracing_simt_pooled.h">
      <Filter>Header Files</Filter>
    </ClInclude>
    <ClInclude Include="old_code.h">
      <Filter>Misc\Old Code snippets</Filter>
    </ClInclude>
    <ClInclude Include="stb_image.h">
      <Filter>Third Party</Filter>
    </ClInclude>
    <ClInclude Include="asset_loading.h">
      <Filter>Header Files</Filter>
    </ClInclude>
    <ClInclude Include="threading.h">
      <Filter>Header Files</Filter>
    </ClInclude>
    <ClInclude Include="work_queue.h">
      <Filter>Header Files</Filter>
    </ClInclude>
    <ClInclude Include="texture.h">
      <Filter>Header Files</Filter>
    </ClInclude>
    <ClInclude Include="demofox_path_tracing_simt_textured.h">
      <Filter>Header Files</Filter>
    </ClInclude>
    <ClInclude Include="demofox_path_tracing_v2.h">
      <Filter>Header Files</Filter>
    </ClInclude>
    <ClInclude Include="demofox_path_tracing_v3.h">
      <Filter>Header Files</Filter>
    </ClInclude>
  </ItemGroup>
  <ItemGroup>
    <Text Include="DisasmOptimizedVectorized.txt">
      <Filter>Misc</Filter>
    </Text>
    <Text Include="notes.txt">
      <Filter>Misc</Filter>
    </Text>
  </ItemGroup>
</Project>